github.com/go-regexp/engine v0.1.0 h1:DnQjXFwUldJOcyau/0TAjhl244xC5nFfWy6YJ5aUlVY=
github.com/go-regexp/engine v0.1.0/go.mod h1:8rju5lq5OkskQh9+m+FjBP6965giMPUdIOdrvFrbqn4=
github.com/go-ruby-regexp/regexp v0.0.0-20260701043846-fa3d6604e1ee h1:ctauEAdAq129WCrU+dndYcOjNlo1Y94vWNBtgXp1heE=
github.com/go-ruby-regexp/regexp v0.0.0-20260701043846-fa3d6604e1ee/go.mod h1:+0nK2X+aCPMO91bPMM/DT1OFUIzFQeoTPGkkOR3kd84=
github.com/go-ruby-regexp/regexp v0.0.0-20260807185050-0533785e97b7 h1:80wVgqj9UmMIPgyo/AVFd4P+NZPrvmvJtCFg9xwklD4=
github.com/go-ruby-regexp/regexp v0.0.0-20260807185050-0533785e97b7/go.mod h1:Xgx6MB0JFe/GEd9ANJli4TvzQt2mekfp44bFkMet+js=
github.com/go-ruby-rouge/rouge v0.0.0-20260804181859-f875aa81991e h1:DGUs8ryFrsCUeBZvjXZGszr+6nY/Oj7P9ChgmhuGvoA=
github.com/go-ruby-rouge/rouge v0.0.0-20260804181859-f875aa81991e/go.mod h1:PJHlTuP01g0s+3cVfuQgCztiLcUD2intYD2bZTEMOZM=
github.com/go-ruby-rouge/rouge v0.0.0-20260815073145-ea5abb0f3cb8 h1:+qIy6Z3uijgvpZ384tW8oqrDvkkk8V/sk5EAmbMA+ZM=
github.com/go-ruby-rouge/rouge v0.0.0-20260815073145-ea5abb0f3cb8/go.mod h1:PJHlTuP01g0s+3cVfuQgCztiLcUD2intYD2bZTEMOZM=
github.com/go-ruby-rouge/rouge v0.0.0-20260820220643-132f87988ed8 h1:qCeoXdXwR9GK5ZSRemZ85w7UudOY1YG974GW2GJlfOM=
github.com/go-ruby-rouge/rouge v0.0.0-20260820220643-132f87988ed8/go.mod h1:CewaHBYro19JJoSmfZphddQ9+mO3/giM3KaKBcOtgv4=
